
Microsoft Visual Studio Solution File, Format Version 12.00
# Visual Studio Version 17
VisualStudioVersion = 17.9.34616.47
MinimumVisualStudioVersion = 10.0.40219.1
Project("{FAE04EC0-301F-11D3-BF4B-00C04F79EFBC}") = "DayHospital", "DayHospital.csproj", "{D96505BF-7ECA-492E-B454-8EAF50C48E36}"
EndProject
Global
	GlobalSection(SolutionConfigurationPlatforms) = preSolution
		Debug|Any CPU = Debug|Any CPU
		Release|Any CPU = Release|Any CPU
	EndGlobalSection
	GlobalSection(ProjectConfigurationPlatforms) = postSolution
		{D96505BF-7ECA-492E-B454-8EAF50C48E36}.Debug|Any CPU.ActiveCfg = Debug|Any CPU
		{D96505BF-7ECA-492E-B454-8EAF50C48E36}.Debug|Any CPU.Build.0 = Debug|Any CPU
		{D96505BF-7ECA-492E-B454-8EAF50C48E36}.Release|Any CPU.ActiveCfg = Release|Any CPU
		{D96505BF-7ECA-492E-B454-8EAF50C48E36}.Release|Any CPU.Build.0 = Release|Any CPU
	EndGlobalSection
	GlobalSection(SolutionProperties) = preSolution
		HideSolutionNode = FALSE
	EndGlobalSection
	GlobalSection(ExtensibilityGlobals) = postSolution
		SolutionGuid = {BC504F86-AC11-4E06-9C17-AF43B7B1C399}
	EndGlobalSection
EndGlobal
